// !$*UTF8*$!
{
	archiveVersion = 1;
	classes = {
	};
	objectVersion = 77;
	objects = {

/* Begin PBXBuildFile section */
		ED17A10000000000000000A1 /* SimhVAX.xcframework in Frameworks */ = {isa = PBXBuildFile; fileRef = ED17A10000000000000000A3 /* SimhVAX.xcframework */; };
		ED17A10000000000000000A2 /* SwiftTerm in Frameworks */ = {isa = PBXBuildFile; productRef = ED17A10000000000000000B6 /* SwiftTerm */; };
		ED17A10000000000000000B8 /* DmdCore.xcframework in Frameworks */ = {isa = PBXBuildFile; fileRef = ED17A10000000000000000B7 /* DmdCore.xcframework */; };
		ED17A20000000000000000C1 /* SimhVAX.xcframework in Frameworks */ = {isa = PBXBuildFile; fileRef = ED17A10000000000000000A3 /* SimhVAX.xcframework */; };
		ED17A20000000000000000C2 /* SwiftTerm in Frameworks */ = {isa = PBXBuildFile; productRef = ED17A20000000000000000CD /* SwiftTerm */; };
		ED17A20000000000000000C3 /* DmdCore.xcframework in Frameworks */ = {isa = PBXBuildFile; fileRef = ED17A10000000000000000B7 /* DmdCore.xcframework */; };
/* End PBXBuildFile section */

/* Begin PBXFileReference section */
		ED17A10000000000000000A3 /* SimhVAX.xcframework */ = {isa = PBXFileReference; lastKnownFileType = wrapper.xcframework; name = SimhVAX.xcframework; path = ../libsimh/dist/SimhVAX.xcframework; sourceTree = "<group>"; };
		ED17A10000000000000000B7 /* DmdCore.xcframework */ = {isa = PBXFileReference; lastKnownFileType = wrapper.xcframework; name = DmdCore.xcframework; path = ../libdmd/dist/DmdCore.xcframework; sourceTree = "<group>"; };
		ED17A10000000000000000A4 /* ipnx.app */ = {isa = PBXFileReference; explicitFileType = wrapper.application; includeInIndex = 0; path = ipnx.app; sourceTree = BUILT_PRODUCTS_DIR; };
		ED17A20000000000000000C4 /* ipnx.app */ = {isa = PBXFileReference; explicitFileType = wrapper.application; includeInIndex = 0; path = ipnx.app; sourceTree = BUILT_PRODUCTS_DIR; };
/* End PBXFileReference section */

/* Begin PBXFileSystemSynchronizedRootGroup section */
		ED17A10000000000000000A5 /* ipnx */ = {isa = PBXFileSystemSynchronizedRootGroup; explicitFileTypes = {}; explicitFolders = (); path = ipnx; sourceTree = "<group>"; };
		ED17A30000000000000000E1 /* NetFS */ = {isa = PBXFileSystemSynchronizedRootGroup; explicitFileTypes = {}; explicitFolders = (); name = NetFS; path = ../netfs/Sources/NetFS; sourceTree = "<group>"; };
/* End PBXFileSystemSynchronizedRootGroup section */

/* Begin PBXFrameworksBuildPhase section */
		ED17A10000000000000000A6 /* Frameworks */ = {
			isa = PBXFrameworksBuildPhase;
			buildActionMask = 2147483647;
			files = (
				ED17A10000000000000000A1 /* SimhVAX.xcframework in Frameworks */,
				ED17A10000000000000000A2 /* SwiftTerm in Frameworks */,
				ED17A10000000000000000B8 /* DmdCore.xcframework in Frameworks */,
			);
			runOnlyForDeploymentPostprocessing = 0;
		};
		ED17A20000000000000000C5 /* Frameworks */ = {
			isa = PBXFrameworksBuildPhase;
			buildActionMask = 2147483647;
			files = (
				ED17A20000000000000000C1 /* SimhVAX.xcframework in Frameworks */,
				ED17A20000000000000000C2 /* SwiftTerm in Frameworks */,
				ED17A20000000000000000C3 /* DmdCore.xcframework in Frameworks */,
			);
			runOnlyForDeploymentPostprocessing = 0;
		};
/* End PBXFrameworksBuildPhase section */

/* Begin PBXGroup section */
		ED17A10000000000000000A7 = {
			isa = PBXGroup;
			children = (
				ED17A10000000000000000A5 /* ipnx */,
				ED17A30000000000000000E1 /* NetFS */,
				ED17A10000000000000000A9 /* Frameworks */,
				ED17A10000000000000000A8 /* Products */,
			);
			sourceTree = "<group>";
		};
		ED17A10000000000000000A8 /* Products */ = {
			isa = PBXGroup;
			children = (
				ED17A10000000000000000A4 /* ipnx.app */,
				ED17A20000000000000000C4 /* ipnx.app */,
			);
			name = Products;
			sourceTree = "<group>";
		};
		ED17A10000000000000000A9 /* Frameworks */ = {
			isa = PBXGroup;
			children = (
				ED17A10000000000000000A3 /* SimhVAX.xcframework */,
				ED17A10000000000000000B7 /* DmdCore.xcframework */,
			);
			name = Frameworks;
			sourceTree = "<group>";
		};
/* End PBXGroup section */

/* Begin PBXNativeTarget section */
		ED17A10000000000000000AA /* ipnx */ = {
			isa = PBXNativeTarget;
			buildConfigurationList = ED17A10000000000000000B4 /* Build configuration list for PBXNativeTarget "ipnx" */;
			buildPhases = (
				ED17A10000000000000000AB /* Sources */,
				ED17A10000000000000000A6 /* Frameworks */,
				ED17A10000000000000000AC /* Resources */,
				ED17A10000000000000000AD /* Embed V8 media */,
			);
			buildRules = (
			);
			dependencies = (
			);
			fileSystemSynchronizedGroups = (
				ED17A10000000000000000A5 /* ipnx */,
				ED17A30000000000000000E1 /* NetFS */,
			);
			name = ipnx;
			packageProductDependencies = (
				ED17A10000000000000000B6 /* SwiftTerm */,
			);
			productName = ipnx;
			productReference = ED17A10000000000000000A4 /* ipnx.app */;
			productType = "com.apple.product-type.application";
		};
		ED17A20000000000000000C9 /* ipnxMac */ = {
			isa = PBXNativeTarget;
			buildConfigurationList = ED17A20000000000000000CA /* Build configuration list for PBXNativeTarget "ipnxMac" */;
			buildPhases = (
				ED17A20000000000000000C6 /* Sources */,
				ED17A20000000000000000C5 /* Frameworks */,
				ED17A20000000000000000C7 /* Resources */,
				ED17A20000000000000000C8 /* Embed V8 media */,
			);
			buildRules = (
			);
			dependencies = (
			);
			fileSystemSynchronizedGroups = (
				ED17A10000000000000000A5 /* ipnx */,
				ED17A30000000000000000E1 /* NetFS */,
			);
			name = ipnxMac;
			packageProductDependencies = (
				ED17A20000000000000000CD /* SwiftTerm */,
			);
			productName = ipnx;
			productReference = ED17A20000000000000000C4 /* ipnx.app */;
			productType = "com.apple.product-type.application";
		};
/* End PBXNativeTarget section */

/* Begin PBXProject section */
		ED17A10000000000000000AE /* Project object */ = {
			isa = PBXProject;
			attributes = {
				BuildIndependentTargetsInParallel = 1;
				LastSwiftUpdateCheck = 2600;
				LastUpgradeCheck = 2600;
				TargetAttributes = {
					ED17A10000000000000000AA = {
						CreatedOnToolsVersion = 26.0;
					};
					ED17A20000000000000000C9 = {
						CreatedOnToolsVersion = 26.0;
					};
				};
			};
			buildConfigurationList = ED17A10000000000000000B3 /* Build configuration list for PBXProject "ipnx" */;
			developmentRegion = en;
			hasScannedForEncodings = 0;
			knownRegions = (
				en,
				Base,
			);
			mainGroup = ED17A10000000000000000A7;
			packageReferences = (
				ED17A10000000000000000B5 /* XCRemoteSwiftPackageReference "SwiftTerm" */,
			);
			productRefGroup = ED17A10000000000000000A8 /* Products */;
			projectDirPath = "";
			projectRoot = "";
			targets = (
				ED17A10000000000000000AA /* ipnx */,
				ED17A20000000000000000C9 /* ipnxMac */,
			);
		};
/* End PBXProject section */

/* Begin PBXResourcesBuildPhase section */
		ED17A10000000000000000AC /* Resources */ = {
			isa = PBXResourcesBuildPhase;
			buildActionMask = 2147483647;
			files = (
			);
			runOnlyForDeploymentPostprocessing = 0;
		};
		ED17A20000000000000000C7 /* Resources */ = {
			isa = PBXResourcesBuildPhase;
			buildActionMask = 2147483647;
			files = (
			);
			runOnlyForDeploymentPostprocessing = 0;
		};
/* End PBXResourcesBuildPhase section */

/* Begin PBXShellScriptBuildPhase section */
		ED17A10000000000000000AD /* Embed V8 media */ = {
			isa = PBXShellScriptBuildPhase;
			alwaysOutOfDate = 1;
			buildActionMask = 2147483647;
			files = (
			);
			inputPaths = (
			);
			name = "Embed V8 media";
			outputPaths = (
			);
			runOnlyForDeploymentPostprocessing = 0;
			shellPath = /bin/sh;
			shellScript = "set -e\nMEDIA=\"$SRCROOT/../work/myv8\"\nDEST=\"$TARGET_BUILD_DIR/$UNLOCALIZED_RESOURCES_FOLDER_PATH\"\nif [ ! -f \"$MEDIA/rp07new\" ]; then\n  echo \"warning: $MEDIA/rp07new not found - building without V8 media (build it per docs/spike-a0.md)\"\n  exit 0\nfi\nmkdir -p \"$DEST\"\nrsync -a \"$MEDIA/rp07new\" \"$DEST/v8.disk\"\nrsync -a \"$MEDIA/bootV8\" \"$DEST/bootV8\"\n# THE IDENTITY OF THE IMAGE. The working copy in Application Support\n# diverges from the golden as soon as the guest writes to it, so the app\n# cannot recognise a stale one by hashing it -- what it needs is a record\n# of WHICH image it was cut from. Without this a rebuilt golden reaches\n# the bundle and stops there, and the app keeps booting last week.\nshasum -a 256 \"$MEDIA/rp07new\" | cut -d' ' -f1 > \"$DEST/v8.disk.id\"\necho \"embedded v8.disk + bootV8 (image $(cut -c1-12 < \"$DEST/v8.disk.id\"))\"\n\n# THE TENTH EDITION, embedded on exactly the same terms.\n#\n# NO NEW COMMITTED BINARY IS INVOLVED, and that is worth stating because it was\n# briefly believed otherwise: this phase reads v8.disk out of work/ too, and\n# image/ipnx-v8-rp07.img.tar.bz2 is committed for a different reason entirely -- stage\n# 8 lifts v8/mk/gen/carry.txt off it, so it is an INPUT TO THE NEXT BUILD rather\n# than the app's media.  V10 has no such build-chain role, so embedding it needs\n# no exception to the no-binaries rule.\n#\n# Absent media is a warning and not an error, exactly as V8's is: a fresh\n# checkout has no work/ and must still build.\nV10IMG=\"$SRCROOT/../run/v10-golden\"\nV10ROM=\"$SRCROOT/../v10/usr/sys/boot/star/uda\"\nif [ ! -f \"$V10IMG\" ]; then\n  echo \"warning: $V10IMG not found - building without V10 media (bash tools/v10-reset.sh)\"\nelif [ ! -f \"$V10ROM\" ]; then\n  echo \"warning: $V10ROM not found - building without V10 media; the ROM is committed, so this means a broken checkout\"\nelse\n  rsync -a \"$V10IMG\" \"$DEST/v10.disk\"\n  rsync -a \"$V10ROM\" \"$DEST/uda\"\n  # Same identity argument as v8.disk.id above, and the same failure it prevents:\n  # the working copy diverges the moment the guest writes, so only a record of\n  # WHICH image it was cut from can tell a stale one from a live one.\n  shasum -a 256 \"$V10IMG\" | cut -d' ' -f1 > \"$DEST/v10.disk.id\"\n  echo \"embedded v10.disk + uda (image $(cut -c1-12 < \"$DEST/v10.disk.id\"))\"\nfi\n";
		};
		ED17A20000000000000000C8 /* Embed V8 media */ = {
			isa = PBXShellScriptBuildPhase;
			alwaysOutOfDate = 1;
			buildActionMask = 2147483647;
			files = (
			);
			inputPaths = (
			);
			name = "Embed V8 media";
			outputPaths = (
			);
			runOnlyForDeploymentPostprocessing = 0;
			shellPath = /bin/sh;
			shellScript = "set -e\nMEDIA=\"$SRCROOT/../work/myv8\"\nDEST=\"$TARGET_BUILD_DIR/$UNLOCALIZED_RESOURCES_FOLDER_PATH\"\nif [ ! -f \"$MEDIA/rp07new\" ]; then\n  echo \"warning: $MEDIA/rp07new not found - building without V8 media (build it per docs/spike-a0.md)\"\n  exit 0\nfi\nmkdir -p \"$DEST\"\nrsync -a \"$MEDIA/rp07new\" \"$DEST/v8.disk\"\nrsync -a \"$MEDIA/bootV8\" \"$DEST/bootV8\"\n# THE IDENTITY OF THE IMAGE. The working copy in Application Support\n# diverges from the golden as soon as the guest writes to it, so the app\n# cannot recognise a stale one by hashing it -- what it needs is a record\n# of WHICH image it was cut from. Without this a rebuilt golden reaches\n# the bundle and stops there, and the app keeps booting last week.\nshasum -a 256 \"$MEDIA/rp07new\" | cut -d' ' -f1 > \"$DEST/v8.disk.id\"\necho \"embedded v8.disk + bootV8 (image $(cut -c1-12 < \"$DEST/v8.disk.id\"))\"\n\n# THE TENTH EDITION, embedded on exactly the same terms.\n#\n# NO NEW COMMITTED BINARY IS INVOLVED, and that is worth stating because it was\n# briefly believed otherwise: this phase reads v8.disk out of work/ too, and\n# image/ipnx-v8-rp07.img.tar.bz2 is committed for a different reason entirely -- stage\n# 8 lifts v8/mk/gen/carry.txt off it, so it is an INPUT TO THE NEXT BUILD rather\n# than the app's media.  V10 has no such build-chain role, so embedding it needs\n# no exception to the no-binaries rule.\n#\n# Absent media is a warning and not an error, exactly as V8's is: a fresh\n# checkout has no work/ and must still build.\nV10IMG=\"$SRCROOT/../run/v10-golden\"\nV10ROM=\"$SRCROOT/../v10/usr/sys/boot/star/uda\"\nif [ ! -f \"$V10IMG\" ]; then\n  echo \"warning: $V10IMG not found - building without V10 media (bash tools/v10-reset.sh)\"\nelif [ ! -f \"$V10ROM\" ]; then\n  echo \"warning: $V10ROM not found - building without V10 media; the ROM is committed, so this means a broken checkout\"\nelse\n  rsync -a \"$V10IMG\" \"$DEST/v10.disk\"\n  rsync -a \"$V10ROM\" \"$DEST/uda\"\n  # Same identity argument as v8.disk.id above, and the same failure it prevents:\n  # the working copy diverges the moment the guest writes, so only a record of\n  # WHICH image it was cut from can tell a stale one from a live one.\n  shasum -a 256 \"$V10IMG\" | cut -d' ' -f1 > \"$DEST/v10.disk.id\"\n  echo \"embedded v10.disk + uda (image $(cut -c1-12 < \"$DEST/v10.disk.id\"))\"\nfi\n";
		};
/* End PBXShellScriptBuildPhase section */

/* Begin PBXSourcesBuildPhase section */
		ED17A10000000000000000AB /* Sources */ = {
			isa = PBXSourcesBuildPhase;
			buildActionMask = 2147483647;
			files = (
			);
			runOnlyForDeploymentPostprocessing = 0;
		};
		ED17A20000000000000000C6 /* Sources */ = {
			isa = PBXSourcesBuildPhase;
			buildActionMask = 2147483647;
			files = (
			);
			runOnlyForDeploymentPostprocessing = 0;
		};
/* End PBXSourcesBuildPhase section */

/* Begin XCBuildConfiguration section */
		ED17A10000000000000000AF /* Debug */ = {
			isa = XCBuildConfiguration;
			buildSettings = {
				ALWAYS_SEARCH_USER_PATHS = NO;
				CLANG_ANALYZER_NONNULL = YES;
				CLANG_ENABLE_MODULES = YES;
				CLANG_ENABLE_OBJC_ARC = YES;
				COPY_PHASE_STRIP = NO;
				DEBUG_INFORMATION_FORMAT = dwarf;
				ENABLE_STRICT_OBJC_MSGSEND = YES;
				ENABLE_TESTABILITY = YES;
				ENABLE_USER_SCRIPT_SANDBOXING = NO;
				GCC_C_LANGUAGE_STANDARD = gnu17;
				GCC_DYNAMIC_NO_PIC = NO;
				GCC_NO_COMMON_BLOCKS = YES;
				GCC_OPTIMIZATION_LEVEL = 0;
				GCC_PREPROCESSOR_DEFINITIONS = (
					"DEBUG=1",
					"$(inherited)",
				);
				IPHONEOS_DEPLOYMENT_TARGET = 26.0;
				LOCALIZATION_PREFERS_STRING_CATALOGS = YES;
				MTL_ENABLE_DEBUG_INFO = INCLUDE_SOURCE;
				MTL_FAST_MATH = YES;
				ONLY_ACTIVE_ARCH = YES;
				SDKROOT = iphoneos;
				SWIFT_ACTIVE_COMPILATION_CONDITIONS = "DEBUG $(inherited)";
				SWIFT_OPTIMIZATION_LEVEL = "-Onone";
			};
			name = Debug;
		};
		ED17A10000000000000000B0 /* Release */ = {
			isa = XCBuildConfiguration;
			buildSettings = {
				ALWAYS_SEARCH_USER_PATHS = NO;
				CLANG_ANALYZER_NONNULL = YES;
				CLANG_ENABLE_MODULES = YES;
				CLANG_ENABLE_OBJC_ARC = YES;
				COPY_PHASE_STRIP = NO;
				DEBUG_INFORMATION_FORMAT = "dwarf-with-dsym";
				ENABLE_NS_ASSERTIONS = NO;
				ENABLE_STRICT_OBJC_MSGSEND = YES;
				ENABLE_USER_SCRIPT_SANDBOXING = NO;
				GCC_C_LANGUAGE_STANDARD = gnu17;
				GCC_NO_COMMON_BLOCKS = YES;
				IPHONEOS_DEPLOYMENT_TARGET = 26.0;
				LOCALIZATION_PREFERS_STRING_CATALOGS = YES;
				MTL_ENABLE_DEBUG_INFO = NO;
				MTL_FAST_MATH = YES;
				SDKROOT = iphoneos;
				SWIFT_COMPILATION_MODE = wholemodule;
				SWIFT_OPTIMIZATION_LEVEL = "-O";
				VALIDATE_PRODUCT = YES;
			};
			name = Release;
		};
		ED17A10000000000000000B1 /* Debug */ = {
			isa = XCBuildConfiguration;
			buildSettings = {
				CODE_SIGN_STYLE = Automatic;
				ASSETCATALOG_COMPILER_APPICON_NAME = AppIcon;
				INFOPLIST_KEY_ITSAppUsesNonExemptEncryption = NO;
				CURRENT_PROJECT_VERSION = 1;
				DEVELOPMENT_TEAM = RPL5R637DS;
				GENERATE_INFOPLIST_FILE = YES;
				INFOPLIST_KEY_CFBundleDisplayName = ipnx;
				INFOPLIST_KEY_LSApplicationCategoryType = "public.app-category.developer-tools";
				INFOPLIST_KEY_NSHumanReadableCopyright = "Copyright 2026 Hello Tham Pty. Ltd.";
				INFOPLIST_KEY_UIApplicationSceneManifest_Generation = YES;
				INFOPLIST_KEY_UIApplicationSupportsMultipleScenes = YES;
				INFOPLIST_KEY_UIApplicationSupportsIndirectInputEvents = YES;
				INFOPLIST_KEY_UILaunchScreen_Generation = YES;
				INFOPLIST_KEY_UISupportedInterfaceOrientations = "UIInterfaceOrientationLandscapeLeft UIInterfaceOrientationLandscapeRight UIInterfaceOrientationPortrait UIInterfaceOrientationPortraitUpsideDown";
				LD_RUNPATH_SEARCH_PATHS = (
					"$(inherited)",
					"@executable_path/Frameworks",
				);
				MARKETING_VERSION = 1.0;
				PRODUCT_BUNDLE_IDENTIFIER = com.hellotham.ipnx;
				PRODUCT_NAME = ipnx;
				SWIFT_EMIT_LOC_STRINGS = YES;
				SWIFT_INCLUDE_PATHS = "$(SRCROOT)/ipnx/Modules";
				SWIFT_VERSION = 5.0;
				TARGETED_DEVICE_FAMILY = 2;
			};
			name = Debug;
		};
		ED17A10000000000000000B2 /* Release */ = {
			isa = XCBuildConfiguration;
			buildSettings = {
				CODE_SIGN_STYLE = Automatic;
				ASSETCATALOG_COMPILER_APPICON_NAME = AppIcon;
				INFOPLIST_KEY_ITSAppUsesNonExemptEncryption = NO;
				CURRENT_PROJECT_VERSION = 1;
				DEVELOPMENT_TEAM = RPL5R637DS;
				GENERATE_INFOPLIST_FILE = YES;
				INFOPLIST_KEY_CFBundleDisplayName = ipnx;
				INFOPLIST_KEY_LSApplicationCategoryType = "public.app-category.developer-tools";
				INFOPLIST_KEY_NSHumanReadableCopyright = "Copyright 2026 Hello Tham Pty. Ltd.";
				INFOPLIST_KEY_UIApplicationSceneManifest_Generation = YES;
				INFOPLIST_KEY_UIApplicationSupportsMultipleScenes = YES;
				INFOPLIST_KEY_UIApplicationSupportsIndirectInputEvents = YES;
				INFOPLIST_KEY_UILaunchScreen_Generation = YES;
				INFOPLIST_KEY_UISupportedInterfaceOrientations = "UIInterfaceOrientationLandscapeLeft UIInterfaceOrientationLandscapeRight UIInterfaceOrientationPortrait UIInterfaceOrientationPortraitUpsideDown";
				LD_RUNPATH_SEARCH_PATHS = (
					"$(inherited)",
					"@executable_path/Frameworks",
				);
				MARKETING_VERSION = 1.0;
				PRODUCT_BUNDLE_IDENTIFIER = com.hellotham.ipnx;
				PRODUCT_NAME = ipnx;
				SWIFT_EMIT_LOC_STRINGS = YES;
				SWIFT_INCLUDE_PATHS = "$(SRCROOT)/ipnx/Modules";
				SWIFT_VERSION = 5.0;
				TARGETED_DEVICE_FAMILY = 2;
			};
			name = Release;
		};
		ED17A20000000000000000CB /* Debug */ = {
			isa = XCBuildConfiguration;
			buildSettings = {
				ARCHS = arm64;
				CODE_SIGN_ENTITLEMENTS = "ipnx-macOS.entitlements";
				CODE_SIGN_IDENTITY = "Developer ID Application";
				CODE_SIGN_INJECT_BASE_ENTITLEMENTS = NO;
				CODE_SIGN_STYLE = Manual;
				OTHER_CODE_SIGN_FLAGS = "--timestamp";
				PROVISIONING_PROFILE_SPECIFIER = "";
				ASSETCATALOG_COMPILER_APPICON_NAME = AppIcon;
				INFOPLIST_KEY_ITSAppUsesNonExemptEncryption = NO;
				COMBINE_HIDPI_IMAGES = YES;
				CURRENT_PROJECT_VERSION = 1;
				DEVELOPMENT_TEAM = RPL5R637DS;
				ENABLE_HARDENED_RUNTIME = YES;
				GENERATE_INFOPLIST_FILE = YES;
				INFOPLIST_KEY_CFBundleDisplayName = ipnx;
				INFOPLIST_KEY_LSApplicationCategoryType = "public.app-category.developer-tools";
				INFOPLIST_KEY_NSHumanReadableCopyright = "Copyright 2026 Hello Tham Pty. Ltd.";
				LD_RUNPATH_SEARCH_PATHS = (
					"$(inherited)",
					"@executable_path/../Frameworks",
				);
				MACOSX_DEPLOYMENT_TARGET = 26.0;
				MARKETING_VERSION = 1.0;
				PRODUCT_BUNDLE_IDENTIFIER = com.hellotham.ipnx;
				PRODUCT_NAME = ipnx;
				SDKROOT = macosx;
				SWIFT_EMIT_LOC_STRINGS = YES;
				SWIFT_INCLUDE_PATHS = "$(SRCROOT)/ipnx/Modules";
				SWIFT_VERSION = 5.0;
			};
			name = Debug;
		};
		ED17A20000000000000000CC /* Release */ = {
			isa = XCBuildConfiguration;
			buildSettings = {
				ARCHS = arm64;
				CODE_SIGN_ENTITLEMENTS = "ipnx-macOS.entitlements";
				CODE_SIGN_IDENTITY = "Developer ID Application";
				CODE_SIGN_INJECT_BASE_ENTITLEMENTS = NO;
				CODE_SIGN_STYLE = Manual;
				OTHER_CODE_SIGN_FLAGS = "--timestamp";
				PROVISIONING_PROFILE_SPECIFIER = "";
				ASSETCATALOG_COMPILER_APPICON_NAME = AppIcon;
				INFOPLIST_KEY_ITSAppUsesNonExemptEncryption = NO;
				COMBINE_HIDPI_IMAGES = YES;
				CURRENT_PROJECT_VERSION = 1;
				DEVELOPMENT_TEAM = RPL5R637DS;
				ENABLE_HARDENED_RUNTIME = YES;
				GENERATE_INFOPLIST_FILE = YES;
				INFOPLIST_KEY_CFBundleDisplayName = ipnx;
				INFOPLIST_KEY_LSApplicationCategoryType = "public.app-category.developer-tools";
				INFOPLIST_KEY_NSHumanReadableCopyright = "Copyright 2026 Hello Tham Pty. Ltd.";
				LD_RUNPATH_SEARCH_PATHS = (
					"$(inherited)",
					"@executable_path/../Frameworks",
				);
				MACOSX_DEPLOYMENT_TARGET = 26.0;
				MARKETING_VERSION = 1.0;
				PRODUCT_BUNDLE_IDENTIFIER = com.hellotham.ipnx;
				PRODUCT_NAME = ipnx;
				SDKROOT = macosx;
				SWIFT_EMIT_LOC_STRINGS = YES;
				SWIFT_INCLUDE_PATHS = "$(SRCROOT)/ipnx/Modules";
				SWIFT_VERSION = 5.0;
			};
			name = Release;
		};
/* End XCBuildConfiguration section */

/* Begin XCConfigurationList section */
		ED17A10000000000000000B3 /* Build configuration list for PBXProject "ipnx" */ = {
			isa = XCConfigurationList;
			buildConfigurations = (
				ED17A10000000000000000AF /* Debug */,
				ED17A10000000000000000B0 /* Release */,
			);
			defaultConfigurationIsVisible = 0;
			defaultConfigurationName = Release;
		};
		ED17A10000000000000000B4 /* Build configuration list for PBXNativeTarget "ipnx" */ = {
			isa = XCConfigurationList;
			buildConfigurations = (
				ED17A10000000000000000B1 /* Debug */,
				ED17A10000000000000000B2 /* Release */,
			);
			defaultConfigurationIsVisible = 0;
			defaultConfigurationName = Release;
		};
		ED17A20000000000000000CA /* Build configuration list for PBXNativeTarget "ipnxMac" */ = {
			isa = XCConfigurationList;
			buildConfigurations = (
				ED17A20000000000000000CB /* Debug */,
				ED17A20000000000000000CC /* Release */,
			);
			defaultConfigurationIsVisible = 0;
			defaultConfigurationName = Release;
		};
/* End XCConfigurationList section */

/* Begin XCRemoteSwiftPackageReference section */
		ED17A10000000000000000B5 /* XCRemoteSwiftPackageReference "SwiftTerm" */ = {
			isa = XCRemoteSwiftPackageReference;
			repositoryURL = "https://github.com/migueldeicaza/SwiftTerm";
			requirement = {
				kind = upToNextMajorVersion;
				minimumVersion = 1.2.0;
			};
		};
/* End XCRemoteSwiftPackageReference section */

/* Begin XCSwiftPackageProductDependency section */
		ED17A10000000000000000B6 /* SwiftTerm */ = {
			isa = XCSwiftPackageProductDependency;
			package = ED17A10000000000000000B5 /* XCRemoteSwiftPackageReference "SwiftTerm" */;
			productName = SwiftTerm;
		};
		ED17A20000000000000000CD /* SwiftTerm */ = {
			isa = XCSwiftPackageProductDependency;
			package = ED17A10000000000000000B5 /* XCRemoteSwiftPackageReference "SwiftTerm" */;
			productName = SwiftTerm;
		};
/* End XCSwiftPackageProductDependency section */
	};
	rootObject = ED17A10000000000000000AE /* Project object */;
}
